
Microsoft Visual Studio Solution File, Format Version 12.00
# Visual Studio 15
VisualStudioVersion = 15.0.27906.1
MinimumVisualStudioVersion = 10.0.40219.1
Project("{FAE04EC0-301F-11D3-BF4B-00C04F79EFBC}") = "Client1", "Client1\Client1.csproj", "{4EA9AB4F-8CA0-4C78-AB05-B5CB8AC92899}"
EndProject
Project("{FAE04EC0-301F-11D3-BF4B-00C04F79EFBC}") = "Client2", "Client2\Client2.csproj", "{B85C46B4-28FE-4E0E-B369-68EDAD450FDF}"
EndProject
Project("{FAE04EC0-301F-11D3-BF4B-00C04F79EFBC}") = "SSOServer", "SSOServer\SSOServer.csproj", "{B7FAF676-73B8-4E4F-B168-1D51601D8DB3}"
EndProject
Project("{FAE04EC0-301F-11D3-BF4B-00C04F79EFBC}") = "Common", "Common\Common.csproj", "{36D714C8-9B1F-4035-B034-307EFF0B825D}"
EndProject
Global
	GlobalSection(SolutionConfigurationPlatforms) = preSolution
		Debug|Any CPU = Debug|Any CPU
		Release|Any CPU = Release|Any CPU
	EndGlobalSection
	GlobalSection(ProjectConfigurationPlatforms) = postSolution
		{4EA9AB4F-8CA0-4C78-AB05-B5CB8AC92899}.Debug|Any CPU.ActiveCfg = Debug|Any CPU
		{4EA9AB4F-8CA0-4C78-AB05-B5CB8AC92899}.Debug|Any CPU.Build.0 = Debug|Any CPU
		{4EA9AB4F-8CA0-4C78-AB05-B5CB8AC92899}.Release|Any CPU.ActiveCfg = Release|Any CPU
		{4EA9AB4F-8CA0-4C78-AB05-B5CB8AC92899}.Release|Any CPU.Build.0 = Release|Any CPU
		{B85C46B4-28FE-4E0E-B369-68EDAD450FDF}.Debug|Any CPU.ActiveCfg = Debug|Any CPU
		{B85C46B4-28FE-4E0E-B369-68EDAD450FDF}.Debug|Any CPU.Build.0 = Debug|Any CPU
		{B85C46B4-28FE-4E0E-B369-68EDAD450FDF}.Release|Any CPU.ActiveCfg = Release|Any CPU
		{B85C46B4-28FE-4E0E-B369-68EDAD450FDF}.Release|Any CPU.Build.0 = Release|Any CPU
		{B7FAF676-73B8-4E4F-B168-1D51601D8DB3}.Debug|Any CPU.ActiveCfg = Debug|Any CPU
		{B7FAF676-73B8-4E4F-B168-1D51601D8DB3}.Debug|Any CPU.Build.0 = Debug|Any CPU
		{B7FAF676-73B8-4E4F-B168-1D51601D8DB3}.Release|Any CPU.ActiveCfg = Release|Any CPU
		{B7FAF676-73B8-4E4F-B168-1D51601D8DB3}.Release|Any CPU.Build.0 = Release|Any CPU
		{36D714C8-9B1F-4035-B034-307EFF0B825D}.Debug|Any CPU.ActiveCfg = Debug|Any CPU
		{36D714C8-9B1F-4035-B034-307EFF0B825D}.Debug|Any CPU.Build.0 = Debug|Any CPU
		{36D714C8-9B1F-4035-B034-307EFF0B825D}.Release|Any CPU.ActiveCfg = Release|Any CPU
		{36D714C8-9B1F-4035-B034-307EFF0B825D}.Release|Any CPU.Build.0 = Release|Any CPU
	EndGlobalSection
	GlobalSection(SolutionProperties) = preSolution
		HideSolutionNode = FALSE
	EndGlobalSection
	GlobalSection(ExtensibilityGlobals) = postSolution
		SolutionGuid = {F62EFF27-2B0A-4FBC-9429-52847428F16E}
	EndGlobalSection
EndGlobal
